// !$*UTF8*$!
{
	archiveVersion = 1;
	classes = {
	};
	objectVersion = 77;
	objects = {

/* Begin PBXContainerItemProxy section */
		A9DB178F2FD48F190006C6F0 /* PBXContainerItemProxy */ = {
			isa = PBXContainerItemProxy;
			containerPortal = A9DB17792FD48F180006C6F0 /* Project object */;
			proxyType = 1;
			remoteGlobalIDString = A9DB17802FD48F180006C6F0;
			remoteInfo = HelloT;
		};
		A9DB17992FD48F190006C6F0 /* PBXContainerItemProxy */ = {
			isa = PBXContainerItemProxy;
			containerPortal = A9DB17792FD48F180006C6F0 /* Project object */;
			proxyType = 1;
			remoteGlobalIDString = A9DB17802FD48F180006C6F0;
			remoteInfo = HelloT;
		};
/* End PBXContainerItemProxy section */

/* Begin PBXFileReference section */
		A9DB17812FD48F180006C6F0 /* HelloT.app */ = {isa = PBXFileReference; explicitFileType = wrapper.application; includeInIndex = 0; path = HelloT.app; sourceTree = BUILT_PRODUCTS_DIR; };
		A9DB178E2FD48F190006C6F0 /* HelloTTests.xctest */ = {isa = PBXFileReference; explicitFileType = wrapper.cfbundle; includeInIndex = 0; path = HelloTTests.xctest; sourceTree = BUILT_PRODUCTS_DIR; };
		A9DB17982FD48F190006C6F0 /* HelloTUITests.xctest */ = {isa = PBXFileReference; explicitFileType = wrapper.cfbundle; includeInIndex = 0; path = HelloTUITests.xctest; sourceTree = BUILT_PRODUCTS_DIR; };
/* End PBXFileReference section */

/* Begin PBXFileSystemSynchronizedRootGroup section */
		A9DB17832FD48F180006C6F0 /* HelloT */ = {
			isa = PBXFileSystemSynchronizedRootGroup;
			path = HelloT;
			sourceTree = "<group>";
		};
		A9DB17912FD48F190006C6F0 /* HelloTTests */ = {
			isa = PBXFileSystemSynchronizedRootGroup;
			path = HelloTTests;
			sourceTree = "<group>";
		};
		A9DB179B2FD48F190006C6F0 /* HelloTUITests */ = {
			isa = PBXFileSystemSynchronizedRootGroup;
			path = HelloTUITests;
			sourceTree = "<group>";
		};
/* End PBXFileSystemSynchronizedRootGroup section */

/* Begin PBXFrameworksBuildPhase section */
		A9DB177E2FD48F180006C6F0 /* Frameworks */ = {
			isa = PBXFrameworksBuildPhase;
			buildActionMask = 2147483647;
			files = (
			);
			runOnlyForDeploymentPostprocessing = 0;
		};
		A9DB178B2FD48F190006C6F0 /* Frameworks */ = {
			isa = PBXFrameworksBuildPhase;
			buildActionMask = 2147483647;
			files = (
			);
			runOnlyForDeploymentPostprocessing = 0;
		};
		A9DB17952FD48F190006C6F0 /* Frameworks */ = {
			isa = PBXFrameworksBuildPhase;
			buildActionMask = 2147483647;
			files = (
			);
			runOnlyForDeploymentPostprocessing = 0;
		};
/* End PBXFrameworksBuildPhase section */

/* Begin PBXGroup section */
		A9DB17782FD48F180006C6F0 = {
			isa = PBXGroup;
			children = (
				A9DB17832FD48F180006C6F0 /* HelloT */,
				A9DB17912FD48F190006C6F0 /* HelloTTests */,
				A9DB179B2FD48F190006C6F0 /* HelloTUITests */,
				A9DB17822FD48F180006C6F0 /* Products */,
			);
			sourceTree = "<group>";
		};
		A9DB17822FD48F180006C6F0 /* Products */ = {
			isa = PBXGroup;
			children = (
				A9DB17812FD48F180006C6F0 /* HelloT.app */,
				A9DB178E2FD48F190006C6F0 /* HelloTTests.xctest */,
				A9DB17982FD48F190006C6F0 /* HelloTUITests.xctest */,
			);
			name = Products;
			sourceTree = "<group>";
		};
/* End PBXGroup section */

/* Begin PBXNativeTarget section */
		A9DB17802FD48F180006C6F0 /* HelloT */ = {
			isa = PBXNativeTarget;
			buildConfigurationList = A9DB17A22FD48F190006C6F0 /* Build configuration list for PBXNativeTarget "HelloT" */;
			buildPhases = (
				A9DB177D2FD48F180006C6F0 /* Sources */,
				A9DB177E2FD48F180006C6F0 /* Frameworks */,
				A9DB177F2FD48F180006C6F0 /* Resources */,
			);
			buildRules = (
			);
			dependencies = (
			);
			fileSystemSynchronizedGroups = (
				A9DB17832FD48F180006C6F0 /* HelloT */,
			);
			name = HelloT;
			packageProductDependencies = (
				A9FF000300000000000003 /* FirebaseAuth */,
				A9FF000400000000000004 /* FirebaseFirestore */,
				A9FF000500000000000005 /* GoogleSignIn */,
			);
			productName = HelloT;
			productReference = A9DB17812FD48F180006C6F0 /* HelloT.app */;
			productType = "com.apple.product-type.application";
		};
		A9DB178D2FD48F190006C6F0 /* HelloTTests */ = {
			isa = PBXNativeTarget;
			buildConfigurationList = A9DB17A52FD48F190006C6F0 /* Build configuration list for PBXNativeTarget "HelloTTests" */;
			buildPhases = (
				A9DB178A2FD48F190006C6F0 /* Sources */,
				A9DB178B2FD48F190006C6F0 /* Frameworks */,
				A9DB178C2FD48F190006C6F0 /* Resources */,
			);
			buildRules = (
			);
			dependencies = (
				A9DB17902FD48F190006C6F0 /* PBXTargetDependency */,
			);
			fileSystemSynchronizedGroups = (
				A9DB17912FD48F190006C6F0 /* HelloTTests */,
			);
			name = HelloTTests;
			packageProductDependencies = (
			);
			productName = HelloTTests;
			productReference = A9DB178E2FD48F190006C6F0 /* HelloTTests.xctest */;
			productType = "com.apple.product-type.bundle.unit-test";
		};
		A9DB17972FD48F190006C6F0 /* HelloTUITests */ = {
			isa = PBXNativeTarget;
			buildConfigurationList = A9DB17A82FD48F190006C6F0 /* Build configuration list for PBXNativeTarget "HelloTUITests" */;
			buildPhases = (
				A9DB17942FD48F190006C6F0 /* Sources */,
				A9DB17952FD48F190006C6F0 /* Frameworks */,
				A9DB17962FD48F190006C6F0 /* Resources */,
			);
			buildRules = (
			);
			dependencies = (
				A9DB179A2FD48F190006C6F0 /* PBXTargetDependency */,
			);
			fileSystemSynchronizedGroups = (
				A9DB179B2FD48F190006C6F0 /* HelloTUITests */,
			);
			name = HelloTUITests;
			packageProductDependencies = (
			);
			productName = HelloTUITests;
			productReference = A9DB17982FD48F190006C6F0 /* HelloTUITests.xctest */;
			productType = "com.apple.product-type.bundle.ui-testing";
		};
/* End PBXNativeTarget section */

/* Begin PBXProject section */
		A9DB17792FD48F180006C6F0 /* Project object */ = {
			isa = PBXProject;
			attributes = {
				BuildIndependentTargetsInParallel = 1;
				LastSwiftUpdateCheck = 1640;
				LastUpgradeCheck = 1640;
				TargetAttributes = {
					A9DB17802FD48F180006C6F0 = {
						CreatedOnToolsVersion = 16.4;
					};
					A9DB178D2FD48F190006C6F0 = {
						CreatedOnToolsVersion = 16.4;
						TestTargetID = A9DB17802FD48F180006C6F0;
					};
					A9DB17972FD48F190006C6F0 = {
						CreatedOnToolsVersion = 16.4;
						TestTargetID = A9DB17802FD48F180006C6F0;
					};
				};
			};
			buildConfigurationList = A9DB177C2FD48F180006C6F0 /* Build configuration list for PBXProject "HelloT" */;
			developmentRegion = en;
			hasScannedForEncodings = 0;
			knownRegions = (
				en,
				Base,
				"zh-Hans",
				de,
			);
			mainGroup = A9DB17782FD48F180006C6F0;
			minimizedProjectReferenceProxies = 1;
			preferredProjectObjectVersion = 77;
			productRefGroup = A9DB17822FD48F180006C6F0 /* Products */;
			projectDirPath = "";
			projectReferences = (
			);
			projectRoot = "";
			packageReferences = (
				A9FF000100000000000001 /* XCRemoteSwiftPackageReference "firebase-ios-sdk" */,
				A9FF000200000000000002 /* XCRemoteSwiftPackageReference "GoogleSignIn-iOS" */,
			);
			targets = (
				A9DB17802FD48F180006C6F0 /* HelloT */,
				A9DB178D2FD48F190006C6F0 /* HelloTTests */,
				A9DB17972FD48F190006C6F0 /* HelloTUITests */,
			);
		};
/* End PBXProject section */

/* Begin XCRemoteSwiftPackageReference section */
		A9FF000100000000000001 /* XCRemoteSwiftPackageReference "firebase-ios-sdk" */ = {
			isa = XCRemoteSwiftPackageReference;
			repositoryURL = "https://github.com/firebase/firebase-ios-sdk";
			requirement = {
				kind = upToNextMajorVersion;
				minimumVersion = 11.0.0;
			};
		};
		A9FF000200000000000002 /* XCRemoteSwiftPackageReference "GoogleSignIn-iOS" */ = {
			isa = XCRemoteSwiftPackageReference;
			repositoryURL = "https://github.com/google/GoogleSignIn-iOS";
			requirement = {
				kind = upToNextMajorVersion;
				minimumVersion = 8.0.0;
			};
		};
/* End XCRemoteSwiftPackageReference section */

/* Begin XCSwiftPackageProductDependency section */
		A9FF000300000000000003 /* FirebaseAuth */ = {
			isa = XCSwiftPackageProductDependency;
			package = A9FF000100000000000001 /* XCRemoteSwiftPackageReference "firebase-ios-sdk" */;
			productName = FirebaseAuth;
		};
		A9FF000400000000000004 /* FirebaseFirestore */ = {
			isa = XCSwiftPackageProductDependency;
			package = A9FF000100000000000001 /* XCRemoteSwiftPackageReference "firebase-ios-sdk" */;
			productName = FirebaseFirestore;
		};
		A9FF000500000000000005 /* GoogleSignIn */ = {
			isa = XCSwiftPackageProductDependency;
			package = A9FF000200000000000002 /* XCRemoteSwiftPackageReference "GoogleSignIn-iOS" */;
			productName = GoogleSignIn;
		};
/* End XCSwiftPackageProductDependency section */


/* Begin PBXResourcesBuildPhase section */
		A9DB177F2FD48F180006C6F0 /* Resources */ = {
			isa = PBXResourcesBuildPhase;
			buildActionMask = 2147483647;
			files = (
			);
			runOnlyForDeploymentPostprocessing = 0;
		};
		A9DB178C2FD48F190006C6F0 /* Resources */ = {
			isa = PBXResourcesBuildPhase;
			buildActionMask = 2147483647;
			files = (
			);
			runOnlyForDeploymentPostprocessing = 0;
		};
		A9DB17962FD48F190006C6F0 /* Resources */ = {
			isa = PBXResourcesBuildPhase;
			buildActionMask = 2147483647;
			files = (
			);
			runOnlyForDeploymentPostprocessing = 0;
		};
/* End PBXResourcesBuildPhase section */

/* Begin PBXSourcesBuildPhase section */
		A9DB177D2FD48F180006C6F0 /* Sources */ = {
			isa = PBXSourcesBuildPhase;
			buildActionMask = 2147483647;
			files = (
			);
			runOnlyForDeploymentPostprocessing = 0;
		};
		A9DB178A2FD48F190006C6F0 /* Sources */ = {
			isa = PBXSourcesBuildPhase;
			buildActionMask = 2147483647;
			files = (
			);
			runOnlyForDeploymentPostprocessing = 0;
		};
		A9DB17942FD48F190006C6F0 /* Sources */ = {
			isa = PBXSourcesBuildPhase;
			buildActionMask = 2147483647;
			files = (
			);
			runOnlyForDeploymentPostprocessing = 0;
		};
/* End PBXSourcesBuildPhase section */

/* Begin PBXTargetDependency section */
		A9DB17902FD48F190006C6F0 /* PBXTargetDependency */ = {
			isa = PBXTargetDependency;
			target = A9DB17802FD48F180006C6F0 /* HelloT */;
			targetProxy = A9DB178F2FD48F190006C6F0 /* PBXContainerItemProxy */;
		};
		A9DB179A2FD48F190006C6F0 /* PBXTargetDependency */ = {
			isa = PBXTargetDependency;
			target = A9DB17802FD48F180006C6F0 /* HelloT */;
			targetProxy = A9DB17992FD48F190006C6F0 /* PBXContainerItemProxy */;
		};
/* End PBXTargetDependency section */

/* Begin XCBuildConfiguration section */
		A9DB17A02FD48F190006C6F0 /* Debug */ = {
			isa = XCBuildConfiguration;
			buildSettings = {
				ALWAYS_SEARCH_USER_PATHS = NO;
				ASSETCATALOG_COMPILER_GENERATE_SWIFT_ASSET_SYMBOL_EXTENSIONS = YES;
				CLANG_ANALYZER_NONNULL = YES;
				CLANG_ANALYZER_NUMBER_OBJECT_CONVERSION = YES_AGGRESSIVE;
				CLANG_CXX_LANGUAGE_STANDARD = "gnu++20";
				CLANG_ENABLE_MODULES = YES;
				CLANG_ENABLE_OBJC_ARC = YES;
				CLANG_ENABLE_OBJC_WEAK = YES;
				CLANG_WARN_BLOCK_CAPTURE_AUTORELEASING = YES;
				CLANG_WARN_BOOL_CONVERSION = YES;
				CLANG_WARN_COMMA = YES;
				CLANG_WARN_CONSTANT_CONVERSION = YES;
				CLANG_WARN_DEPRECATED_OBJC_IMPLEMENTATIONS = YES;
				CLANG_WARN_DIRECT_OBJC_ISA_USAGE = YES_ERROR;
				CLANG_WARN_DOCUMENTATION_COMMENTS = YES;
				CLANG_WARN_EMPTY_BODY = YES;
				CLANG_WARN_ENUM_CONVERSION = YES;
				CLANG_WARN_INFINITE_RECURSION = YES;
				CLANG_WARN_INT_CONVERSION = YES;
				CLANG_WARN_NON_LITERAL_NULL_CONVERSION = YES;
				CLANG_WARN_OBJC_IMPLICIT_RETAIN_SELF = YES;
				CLANG_WARN_OBJC_LITERAL_CONVERSION = YES;
				CLANG_WARN_OBJC_ROOT_CLASS = YES_ERROR;
				CLANG_WARN_QUOTED_INCLUDE_IN_FRAMEWORK_HEADER = YES;
				CLANG_WARN_RANGE_LOOP_ANALYSIS = YES;
				CLANG_WARN_STRICT_PROTOTYPES = YES;
				CLANG_WARN_SUSPICIOUS_MOVE = YES;
				CLANG_WARN_UNGUARDED_AVAILABILITY = YES_AGGRESSIVE;
				CLANG_WARN_UNREACHABLE_CODE = YES;
				CLANG_WARN__DUPLICATE_METHOD_MATCH = YES;
				COPY_PHASE_STRIP = NO;
				DEBUG_INFORMATION_FORMAT = dwarf;
				DEVELOPMENT_TEAM = WC5FR3VJFC;
				ENABLE_STRICT_OBJC_MSGSEND = YES;
				ENABLE_TESTABILITY = YES;
				ENABLE_USER_SCRIPT_SANDBOXING = YES;
				GCC_C_LANGUAGE_STANDARD = gnu17;
				GCC_DYNAMIC_NO_PIC = NO;
				GCC_NO_COMMON_BLOCKS = YES;
				GCC_OPTIMIZATION_LEVEL = 0;
				GCC_PREPROCESSOR_DEFINITIONS = (
					"DEBUG=1",
					"$(inherited)",
				);
				GCC_WARN_64_TO_32_BIT_CONVERSION = YES;
				GCC_WARN_ABOUT_RETURN_TYPE = YES_ERROR;
				GCC_WARN_UNDECLARED_SELECTOR = YES;
				GCC_WARN_UNINITIALIZED_AUTOS = YES_AGGRESSIVE;
				GCC_WARN_UNUSED_FUNCTION = YES;
				GCC_WARN_UNUSED_VARIABLE = YES;
				IPHONEOS_DEPLOYMENT_TARGET = 18.5;
				LOCALIZATION_PREFERS_STRING_CATALOGS = YES;
				MTL_ENABLE_DEBUG_INFO = INCLUDE_SOURCE;
				MTL_FAST_MATH = YES;
				ONLY_ACTIVE_ARCH = YES;
				SDKROOT = iphoneos;
				SWIFT_ACTIVE_COMPILATION_CONDITIONS = "DEBUG $(inherited)";
				SWIFT_OPTIMIZATION_LEVEL = "-Onone";
			};
			name = Debug;
		};
		A9DB17A12FD48F190006C6F0 /* Release */ = {
			isa = XCBuildConfiguration;
			buildSettings = {
				ALWAYS_SEARCH_USER_PATHS = NO;
				ASSETCATALOG_COMPILER_GENERATE_SWIFT_ASSET_SYMBOL_EXTENSIONS = YES;
				CLANG_ANALYZER_NONNULL = YES;
				CLANG_ANALYZER_NUMBER_OBJECT_CONVERSION = YES_AGGRESSIVE;
				CLANG_CXX_LANGUAGE_STANDARD = "gnu++20";
				CLANG_ENABLE_MODULES = YES;
				CLANG_ENABLE_OBJC_ARC = YES;
				CLANG_ENABLE_OBJC_WEAK = YES;
				CLANG_WARN_BLOCK_CAPTURE_AUTORELEASING = YES;
				CLANG_WARN_BOOL_CONVERSION = YES;
				CLANG_WARN_COMMA = YES;
				CLANG_WARN_CONSTANT_CONVERSION = YES;
				CLANG_WARN_DEPRECATED_OBJC_IMPLEMENTATIONS = YES;
				CLANG_WARN_DIRECT_OBJC_ISA_USAGE = YES_ERROR;
				CLANG_WARN_DOCUMENTATION_COMMENTS = YES;
				CLANG_WARN_EMPTY_BODY = YES;
				CLANG_WARN_ENUM_CONVERSION = YES;
				CLANG_WARN_INFINITE_RECURSION = YES;
				CLANG_WARN_INT_CONVERSION = YES;
				CLANG_WARN_NON_LITERAL_NULL_CONVERSION = YES;
				CLANG_WARN_OBJC_IMPLICIT_RETAIN_SELF = YES;
				CLANG_WARN_OBJC_LITERAL_CONVERSION = YES;
				CLANG_WARN_OBJC_ROOT_CLASS = YES_ERROR;
				CLANG_WARN_QUOTED_INCLUDE_IN_FRAMEWORK_HEADER = YES;
				CLANG_WARN_RANGE_LOOP_ANALYSIS = YES;
				CLANG_WARN_STRICT_PROTOTYPES = YES;
				CLANG_WARN_SUSPICIOUS_MOVE = YES;
				CLANG_WARN_UNGUARDED_AVAILABILITY = YES_AGGRESSIVE;
				CLANG_WARN_UNREACHABLE_CODE = YES;
				CLANG_WARN__DUPLICATE_METHOD_MATCH = YES;
				COPY_PHASE_STRIP = NO;
				DEBUG_INFORMATION_FORMAT = "dwarf-with-dsym";
				DEVELOPMENT_TEAM = WC5FR3VJFC;
				ENABLE_NS_ASSERTIONS = NO;
				ENABLE_STRICT_OBJC_MSGSEND = YES;
				ENABLE_USER_SCRIPT_SANDBOXING = YES;
				GCC_C_LANGUAGE_STANDARD = gnu17;
				GCC_NO_COMMON_BLOCKS = YES;
				GCC_WARN_64_TO_32_BIT_CONVERSION = YES;
				GCC_WARN_ABOUT_RETURN_TYPE = YES_ERROR;
				GCC_WARN_UNDECLARED_SELECTOR = YES;
				GCC_WARN_UNINITIALIZED_AUTOS = YES_AGGRESSIVE;
				GCC_WARN_UNUSED_FUNCTION = YES;
				GCC_WARN_UNUSED_VARIABLE = YES;
				IPHONEOS_DEPLOYMENT_TARGET = 18.5;
				LOCALIZATION_PREFERS_STRING_CATALOGS = YES;
				MTL_ENABLE_DEBUG_INFO = NO;
				MTL_FAST_MATH = YES;
				SDKROOT = iphoneos;
				SWIFT_COMPILATION_MODE = wholemodule;
				VALIDATE_PRODUCT = YES;
			};
			name = Release;
		};
		A9DB17A32FD48F190006C6F0 /* Debug */ = {
			isa = XCBuildConfiguration;
			buildSettings = {
				ASSETCATALOG_COMPILER_APPICON_NAME = AppIcon;
				ASSETCATALOG_COMPILER_GLOBAL_ACCENT_COLOR_NAME = AccentColor;
				CODE_SIGN_STYLE = Automatic;
				CURRENT_PROJECT_VERSION = 1;
				DEVELOPMENT_TEAM = WC5FR3VJFC;
				ENABLE_PREVIEWS = YES;
				GENERATE_INFOPLIST_FILE = YES;
				INFOPLIST_KEY_UIApplicationSceneManifest_Generation = YES;
				INFOPLIST_KEY_UIApplicationSupportsIndirectInputEvents = YES;
				INFOPLIST_KEY_UILaunchScreen_Generation = YES;
				INFOPLIST_KEY_UISupportedInterfaceOrientations_iPad = "UIInterfaceOrientationPortrait UIInterfaceOrientationPortraitUpsideDown UIInterfaceOrientationLandscapeLeft UIInterfaceOrientationLandscapeRight";
				INFOPLIST_KEY_UISupportedInterfaceOrientations_iPhone = "UIInterfaceOrientationPortrait UIInterfaceOrientationLandscapeLeft UIInterfaceOrientationLandscapeRight";
				LD_RUNPATH_SEARCH_PATHS = (
					"$(inherited)",
					"@executable_path/Frameworks",
				);
				MARKETING_VERSION = 1.0;
				CODE_SIGN_ENTITLEMENTS = HelloT/HelloT.entitlements;
				PRODUCT_BUNDLE_IDENTIFIER = HeYang.HelloT;
				PRODUCT_NAME = "$(TARGET_NAME)";
				SWIFT_EMIT_LOC_STRINGS = YES;
				SWIFT_VERSION = 5.0;
				TARGETED_DEVICE_FAMILY = "1,2";
			};
			name = Debug;
		};
		A9DB17A42FD48F190006C6F0 /* Release */ = {
			isa = XCBuildConfiguration;
			buildSettings = {
				ASSETCATALOG_COMPILER_APPICON_NAME = AppIcon;
				ASSETCATALOG_COMPILER_GLOBAL_ACCENT_COLOR_NAME = AccentColor;
				CODE_SIGN_STYLE = Automatic;
				CURRENT_PROJECT_VERSION = 1;
				DEVELOPMENT_TEAM = WC5FR3VJFC;
				ENABLE_PREVIEWS = YES;
				GENERATE_INFOPLIST_FILE = YES;
				INFOPLIST_KEY_UIApplicationSceneManifest_Generation = YES;
				INFOPLIST_KEY_UIApplicationSupportsIndirectInputEvents = YES;
				INFOPLIST_KEY_UILaunchScreen_Generation = YES;
				INFOPLIST_KEY_UISupportedInterfaceOrientations_iPad = "UIInterfaceOrientationPortrait UIInterfaceOrientationPortraitUpsideDown UIInterfaceOrientationLandscapeLeft UIInterfaceOrientationLandscapeRight";
				INFOPLIST_KEY_UISupportedInterfaceOrientations_iPhone = "UIInterfaceOrientationPortrait UIInterfaceOrientationLandscapeLeft UIInterfaceOrientationLandscapeRight";
				LD_RUNPATH_SEARCH_PATHS = (
					"$(inherited)",
					"@executable_path/Frameworks",
				);
				MARKETING_VERSION = 1.0;
				CODE_SIGN_ENTITLEMENTS = HelloT/HelloT.entitlements;
				PRODUCT_BUNDLE_IDENTIFIER = HeYang.HelloT;
				PRODUCT_NAME = "$(TARGET_NAME)";
				SWIFT_EMIT_LOC_STRINGS = YES;
				SWIFT_VERSION = 5.0;
				TARGETED_DEVICE_FAMILY = "1,2";
			};
			name = Release;
		};
		A9DB17A62FD48F190006C6F0 /* Debug */ = {
			isa = XCBuildConfiguration;
			buildSettings = {
				BUNDLE_LOADER = "$(TEST_HOST)";
				CODE_SIGN_STYLE = Automatic;
				CURRENT_PROJECT_VERSION = 1;
				DEVELOPMENT_TEAM = WC5FR3VJFC;
				GENERATE_INFOPLIST_FILE = YES;
				IPHONEOS_DEPLOYMENT_TARGET = 18.5;
				MARKETING_VERSION = 1.0;
				PRODUCT_BUNDLE_IDENTIFIER = HeYang.HelloTTests;
				PRODUCT_NAME = "$(TARGET_NAME)";
				SWIFT_EMIT_LOC_STRINGS = NO;
				SWIFT_VERSION = 5.0;
				TARGETED_DEVICE_FAMILY = "1,2";
				TEST_HOST = "$(BUILT_PRODUCTS_DIR)/HelloT.app/$(BUNDLE_EXECUTABLE_FOLDER_PATH)/HelloT";
			};
			name = Debug;
		};
		A9DB17A72FD48F190006C6F0 /* Release */ = {
			isa = XCBuildConfiguration;
			buildSettings = {
				BUNDLE_LOADER = "$(TEST_HOST)";
				CODE_SIGN_STYLE = Automatic;
				CURRENT_PROJECT_VERSION = 1;
				DEVELOPMENT_TEAM = WC5FR3VJFC;
				GENERATE_INFOPLIST_FILE = YES;
				IPHONEOS_DEPLOYMENT_TARGET = 18.5;
				MARKETING_VERSION = 1.0;
				PRODUCT_BUNDLE_IDENTIFIER = HeYang.HelloTTests;
				PRODUCT_NAME = "$(TARGET_NAME)";
				SWIFT_EMIT_LOC_STRINGS = NO;
				SWIFT_VERSION = 5.0;
				TARGETED_DEVICE_FAMILY = "1,2";
				TEST_HOST = "$(BUILT_PRODUCTS_DIR)/HelloT.app/$(BUNDLE_EXECUTABLE_FOLDER_PATH)/HelloT";
			};
			name = Release;
		};
		A9DB17A92FD48F190006C6F0 /* Debug */ = {
			isa = XCBuildConfiguration;
			buildSettings = {
				CODE_SIGN_STYLE = Automatic;
				CURRENT_PROJECT_VERSION = 1;
				DEVELOPMENT_TEAM = WC5FR3VJFC;
				GENERATE_INFOPLIST_FILE = YES;
				MARKETING_VERSION = 1.0;
				PRODUCT_BUNDLE_IDENTIFIER = HeYang.HelloTUITests;
				PRODUCT_NAME = "$(TARGET_NAME)";
				SWIFT_EMIT_LOC_STRINGS = NO;
				SWIFT_VERSION = 5.0;
				TARGETED_DEVICE_FAMILY = "1,2";
				TEST_TARGET_NAME = HelloT;
			};
			name = Debug;
		};
		A9DB17AA2FD48F190006C6F0 /* Release */ = {
			isa = XCBuildConfiguration;
			buildSettings = {
				CODE_SIGN_STYLE = Automatic;
				CURRENT_PROJECT_VERSION = 1;
				DEVELOPMENT_TEAM = WC5FR3VJFC;
				GENERATE_INFOPLIST_FILE = YES;
				MARKETING_VERSION = 1.0;
				PRODUCT_BUNDLE_IDENTIFIER = HeYang.HelloTUITests;
				PRODUCT_NAME = "$(TARGET_NAME)";
				SWIFT_EMIT_LOC_STRINGS = NO;
				SWIFT_VERSION = 5.0;
				TARGETED_DEVICE_FAMILY = "1,2";
				TEST_TARGET_NAME = HelloT;
			};
			name = Release;
		};
/* End XCBuildConfiguration section */

/* Begin XCConfigurationList section */
		A9DB177C2FD48F180006C6F0 /* Build configuration list for PBXProject "HelloT" */ = {
			isa = XCConfigurationList;
			buildConfigurations = (
				A9DB17A02FD48F190006C6F0 /* Debug */,
				A9DB17A12FD48F190006C6F0 /* Release */,
			);
			defaultConfigurationIsVisible = 0;
			defaultConfigurationName = Release;
		};
		A9DB17A22FD48F190006C6F0 /* Build configuration list for PBXNativeTarget "HelloT" */ = {
			isa = XCConfigurationList;
			buildConfigurations = (
				A9DB17A32FD48F190006C6F0 /* Debug */,
				A9DB17A42FD48F190006C6F0 /* Release */,
			);
			defaultConfigurationIsVisible = 0;
			defaultConfigurationName = Release;
		};
		A9DB17A52FD48F190006C6F0 /* Build configuration list for PBXNativeTarget "HelloTTests" */ = {
			isa = XCConfigurationList;
			buildConfigurations = (
				A9DB17A62FD48F190006C6F0 /* Debug */,
				A9DB17A72FD48F190006C6F0 /* Release */,
			);
			defaultConfigurationIsVisible = 0;
			defaultConfigurationName = Release;
		};
		A9DB17A82FD48F190006C6F0 /* Build configuration list for PBXNativeTarget "HelloTUITests" */ = {
			isa = XCConfigurationList;
			buildConfigurations = (
				A9DB17A92FD48F190006C6F0 /* Debug */,
				A9DB17AA2FD48F190006C6F0 /* Release */,
			);
			defaultConfigurationIsVisible = 0;
			defaultConfigurationName = Release;
		};
/* End XCConfigurationList section */
	};
	rootObject = A9DB17792FD48F180006C6F0 /* Project object */;
}
